// !$*UTF8*$!
{
	archiveVersion = 1;
	classes = {
	};
	objectVersion = 46;
	objects = {

/* Begin PBXBuildFile section */
		963ACA9E1CAB5C3A00FCD0EF /* AppDelegate.swift in Sources */ = {isa = PBXBuildFile; fileRef = 963ACA9D1CAB5C3A00FCD0EF /* AppDelegate.swift */; };
		963ACAA01CAB5C3A00FCD0EF /* MemeViewController.swift in Sources */ = {isa = PBXBuildFile; fileRef = 963ACA9F1CAB5C3A00FCD0EF /* MemeViewController.swift */; };
		963ACAA31CAB5C3A00FCD0EF /* Main.storyboard in Resources */ = {isa = PBXBuildFile; fileRef = 963ACAA11CAB5C3A00FCD0EF /* Main.storyboard */; };
		963ACAA51CAB5C3A00FCD0EF /* Assets.xcassets in Resources */ = {isa = PBXBuildFile; fileRef = 963ACAA41CAB5C3A00FCD0EF /* Assets.xcassets */; };
		963ACAA81CAB5C3A00FCD0EF /* LaunchScreen.storyboard in Resources */ = {isa = PBXBuildFile; fileRef = 963ACAA61CAB5C3A00FCD0EF /* LaunchScreen.storyboard */; };
		963ACAB31CAB5C3A00FCD0EF /* MemeMeTests.swift in Sources */ = {isa = PBXBuildFile; fileRef = 963ACAB21CAB5C3A00FCD0EF /* MemeMeTests.swift */; };
		963ACABE1CAB5C3A00FCD0EF /* MemeMeUITests.swift in Sources */ = {isa = PBXBuildFile; fileRef = 963ACABD1CAB5C3A00FCD0EF /* MemeMeUITests.swift */; };
		96C96B321CB7E24E007AD4A9 /* Meme.swift in Sources */ = {isa = PBXBuildFile; fileRef = 96C96B311CB7E24E007AD4A9 /* Meme.swift */; };
		96C96B341CB7EA75007AD4A9 /* PushUpKeyboardViewController.swift in Sources */ = {isa = PBXBuildFile; fileRef = 96C96B331CB7EA75007AD4A9 /* PushUpKeyboardViewController.swift */; };
		96C96B361CB7EE6A007AD4A9 /* Constants.swift in Sources */ = {isa = PBXBuildFile; fileRef = 96C96B351CB7EE6A007AD4A9 /* Constants.swift */; };
		96C96B3A1CB8339F007AD4A9 /* MemeCamera.swift in Sources */ = {isa = PBXBuildFile; fileRef = 96C96B391CB8339F007AD4A9 /* MemeCamera.swift */; };
/* End PBXBuildFile section */

/* Begin PBXContainerItemProxy section */
		963ACAAF1CAB5C3A00FCD0EF /* PBXContainerItemProxy */ = {
			isa = PBXContainerItemProxy;
			containerPortal = 963ACA921CAB5C3A00FCD0EF /* Project object */;
			proxyType = 1;
			remoteGlobalIDString = 963ACA991CAB5C3A00FCD0EF;
			remoteInfo = MemeMe;
		};
		963ACABA1CAB5C3A00FCD0EF /* PBXContainerItemProxy */ = {
			isa = PBXContainerItemProxy;
			containerPortal = 963ACA921CAB5C3A00FCD0EF /* Project object */;
			proxyType = 1;
			remoteGlobalIDString = 963ACA991CAB5C3A00FCD0EF;
			remoteInfo = MemeMe;
		};
/* End PBXContainerItemProxy section */

/* Begin PBXFileReference section */
		963ACA9A1CAB5C3A00FCD0EF /* MemeMe.app */ = {isa = PBXFileReference; explicitFileType = wrapper.application; includeInIndex = 0; path = MemeMe.app; sourceTree = BUILT_PRODUCTS_DIR; };
		963ACA9D1CAB5C3A00FCD0EF /* AppDelegate.swift */ = {isa = PBXFileReference; lastKnownFileType = sourcecode.swift; path = AppDelegate.swift; sourceTree = "<group>"; };
		963ACA9F1CAB5C3A00FCD0EF /* MemeViewController.swift */ = {isa = PBXFileReference; lastKnownFileType = sourcecode.swift; path = MemeViewController.swift; sourceTree = "<group>"; };
		963ACAA21CAB5C3A00FCD0EF /* Base */ = {isa = PBXFileReference; lastKnownFileType = file.storyboard; name = Base; path = Base.lproj/Main.storyboard; sourceTree = "<group>"; };
		963ACAA41CAB5C3A00FCD0EF /* Assets.xcassets */ = {isa = PBXFileReference; lastKnownFileType = folder.assetcatalog; path = Assets.xcassets; sourceTree = "<group>"; };
		963ACAA71CAB5C3A00FCD0EF /* Base */ = {isa = PBXFileReference; lastKnownFileType = file.storyboard; name = Base; path = Base.lproj/LaunchScreen.storyboard; sourceTree = "<group>"; };
		963ACAA91CAB5C3A00FCD0EF /* Info.plist */ = {isa = PBXFileReference; lastKnownFileType = text.plist.xml; path = Info.plist; sourceTree = "<group>"; };
		963ACAAE1CAB5C3A00FCD0EF /* MemeMeTests.xctest */ = {isa = PBXFileReference; explicitFileType = wrapper.cfbundle; includeInIndex = 0; path = MemeMeTests.xctest; sourceTree = BUILT_PRODUCTS_DIR; };
		963ACAB21CAB5C3A00FCD0EF /* MemeMeTests.swift */ = {isa = PBXFileReference; lastKnownFileType = sourcecode.swift; path = MemeMeTests.swift; sourceTree = "<group>"; };
		963ACAB41CAB5C3A00FCD0EF /* Info.plist */ = {isa = PBXFileReference; lastKnownFileType = text.plist.xml; path = Info.plist; sourceTree = "<group>"; };
		963ACAB91CAB5C3A00FCD0EF /* MemeMeUITests.xctest */ = {isa = PBXFileReference; explicitFileType = wrapper.cfbundle; includeInIndex = 0; path = MemeMeUITests.xctest; sourceTree = BUILT_PRODUCTS_DIR; };
		963ACABD1CAB5C3A00FCD0EF /* MemeMeUITests.swift */ = {isa = PBXFileReference; lastKnownFileType = sourcecode.swift; path = MemeMeUITests.swift; sourceTree = "<group>"; };
		963ACABF1CAB5C3A00FCD0EF /* Info.plist */ = {isa = PBXFileReference; lastKnownFileType = text.plist.xml; path = Info.plist; sourceTree = "<group>"; };
		96C96B311CB7E24E007AD4A9 /* Meme.swift */ = {isa = PBXFileReference; fileEncoding = 4; lastKnownFileType = sourcecode.swift; path = Meme.swift; sourceTree = "<group>"; };
		96C96B331CB7EA75007AD4A9 /* PushUpKeyboardViewController.swift */ = {isa = PBXFileReference; fileEncoding = 4; lastKnownFileType = sourcecode.swift; path = PushUpKeyboardViewController.swift; sourceTree = "<group>"; };
		96C96B351CB7EE6A007AD4A9 /* Constants.swift */ = {isa = PBXFileReference; fileEncoding = 4; lastKnownFileType = sourcecode.swift; path = Constants.swift; sourceTree = "<group>"; };
		96C96B391CB8339F007AD4A9 /* MemeCamera.swift */ = {isa = PBXFileReference; fileEncoding = 4; lastKnownFileType = sourcecode.swift; path = MemeCamera.swift; sourceTree = "<group>"; };
/* End PBXFileReference section */

/* Begin PBXFrameworksBuildPhase section */
		963ACA971CAB5C3A00FCD0EF /* Frameworks */ = {
			isa = PBXFrameworksBuildPhase;
			buildActionMask = 2147483647;
			files = (
			);
			runOnlyForDeploymentPostprocessing = 0;
		};
		963ACAAB1CAB5C3A00FCD0EF /* Frameworks */ = {
			isa = PBXFrameworksBuildPhase;
			buildActionMask = 2147483647;
			files = (
			);
			runOnlyForDeploymentPostprocessing = 0;
		};
		963ACAB61CAB5C3A00FCD0EF /* Frameworks */ = {
			isa = PBXFrameworksBuildPhase;
			buildActionMask = 2147483647;
			files = (
			);
			runOnlyForDeploymentPostprocessing = 0;
		};
/* End PBXFrameworksBuildPhase section */

/* Begin PBXGroup section */
		963ACA911CAB5C3A00FCD0EF = {
			isa = PBXGroup;
			children = (
				963ACA9C1CAB5C3A00FCD0EF /* MemeMe */,
				963ACAB11CAB5C3A00FCD0EF /* MemeMeTests */,
				963ACABC1CAB5C3A00FCD0EF /* MemeMeUITests */,
				963ACA9B1CAB5C3A00FCD0EF /* Products */,
			);
			sourceTree = "<group>";
		};
		963ACA9B1CAB5C3A00FCD0EF /* Products */ = {
			isa = PBXGroup;
			children = (
				963ACA9A1CAB5C3A00FCD0EF /* MemeMe.app */,
				963ACAAE1CAB5C3A00FCD0EF /* MemeMeTests.xctest */,
				963ACAB91CAB5C3A00FCD0EF /* MemeMeUITests.xctest */,
			);
			name = Products;
			sourceTree = "<group>";
		};
		963ACA9C1CAB5C3A00FCD0EF /* MemeMe */ = {
			isa = PBXGroup;
			children = (
				96C96B301CB7E0AA007AD4A9 /* Supporting Files */,
				96C96B2F1CB7E0A3007AD4A9 /* Controller */,
				96C96B2E1CB7E09F007AD4A9 /* View */,
				96C96B2D1CB7E080007AD4A9 /* Model */,
				963ACAA41CAB5C3A00FCD0EF /* Assets.xcassets */,
			);
			path = MemeMe;
			sourceTree = "<group>";
		};
		963ACAB11CAB5C3A00FCD0EF /* MemeMeTests */ = {
			isa = PBXGroup;
			children = (
				963ACAB21CAB5C3A00FCD0EF /* MemeMeTests.swift */,
				963ACAB41CAB5C3A00FCD0EF /* Info.plist */,
			);
			path = MemeMeTests;
			sourceTree = "<group>";
		};
		963ACABC1CAB5C3A00FCD0EF /* MemeMeUITests */ = {
			isa = PBXGroup;
			children = (
				963ACABD1CAB5C3A00FCD0EF /* MemeMeUITests.swift */,
				963ACABF1CAB5C3A00FCD0EF /* Info.plist */,
			);
			path = MemeMeUITests;
			sourceTree = "<group>";
		};
		96C96B2D1CB7E080007AD4A9 /* Model */ = {
			isa = PBXGroup;
			children = (
				963ACA9D1CAB5C3A00FCD0EF /* AppDelegate.swift */,
				96C96B311CB7E24E007AD4A9 /* Meme.swift */,
				96C96B351CB7EE6A007AD4A9 /* Constants.swift */,
			);
			name = Model;
			sourceTree = "<group>";
		};
		96C96B2E1CB7E09F007AD4A9 /* View */ = {
			isa = PBXGroup;
			children = (
				963ACAA11CAB5C3A00FCD0EF /* Main.storyboard */,
				963ACAA61CAB5C3A00FCD0EF /* LaunchScreen.storyboard */,
			);
			name = View;
			sourceTree = "<group>";
		};
		96C96B2F1CB7E0A3007AD4A9 /* Controller */ = {
			isa = PBXGroup;
			children = (
				963ACA9F1CAB5C3A00FCD0EF /* MemeViewController.swift */,
				96C96B331CB7EA75007AD4A9 /* PushUpKeyboardViewController.swift */,
				96C96B391CB8339F007AD4A9 /* MemeCamera.swift */,
			);
			name = Controller;
			sourceTree = "<group>";
		};
		96C96B301CB7E0AA007AD4A9 /* Supporting Files */ = {
			isa = PBXGroup;
			children = (
				963ACAA91CAB5C3A00FCD0EF /* Info.plist */,
			);
			name = "Supporting Files";
			sourceTree = "<group>";
		};
/* End PBXGroup section */

/* Begin PBXNativeTarget section */
		963ACA991CAB5C3A00FCD0EF /* MemeMe */ = {
			isa = PBXNativeTarget;
			buildConfigurationList = 963ACAC21CAB5C3A00FCD0EF /* Build configuration list for PBXNativeTarget "MemeMe" */;
			buildPhases = (
				963ACA961CAB5C3A00FCD0EF /* Sources */,
				963ACA971CAB5C3A00FCD0EF /* Frameworks */,
				963ACA981CAB5C3A00FCD0EF /* Resources */,
			);
			buildRules = (
			);
			dependencies = (
			);
			name = MemeMe;
			productName = MemeMe;
			productReference = 963ACA9A1CAB5C3A00FCD0EF /* MemeMe.app */;
			productType = "com.apple.product-type.application";
		};
		963ACAAD1CAB5C3A00FCD0EF /* MemeMeTests */ = {
			isa = PBXNativeTarget;
			buildConfigurationList = 963ACAC51CAB5C3A00FCD0EF /* Build configuration list for PBXNativeTarget "MemeMeTests" */;
			buildPhases = (
				963ACAAA1CAB5C3A00FCD0EF /* Sources */,
				963ACAAB1CAB5C3A00FCD0EF /* Frameworks */,
				963ACAAC1CAB5C3A00FCD0EF /* Resources */,
			);
			buildRules = (
			);
			dependencies = (
				963ACAB01CAB5C3A00FCD0EF /* PBXTargetDependency */,
			);
			name = MemeMeTests;
			productName = MemeMeTests;
			productReference = 963ACAAE1CAB5C3A00FCD0EF /* MemeMeTests.xctest */;
			productType = "com.apple.product-type.bundle.unit-test";
		};
		963ACAB81CAB5C3A00FCD0EF /* MemeMeUITests */ = {
			isa = PBXNativeTarget;
			buildConfigurationList = 963ACAC81CAB5C3A00FCD0EF /* Build configuration list for PBXNativeTarget "MemeMeUITests" */;
			buildPhases = (
				963ACAB51CAB5C3A00FCD0EF /* Sources */,
				963ACAB61CAB5C3A00FCD0EF /* Frameworks */,
				963ACAB71CAB5C3A00FCD0EF /* Resources */,
			);
			buildRules = (
			);
			dependencies = (
				963ACABB1CAB5C3A00FCD0EF /* PBXTargetDependency */,
			);
			name = MemeMeUITests;
			productName = MemeMeUITests;
			productReference = 963ACAB91CAB5C3A00FCD0EF /* MemeMeUITests.xctest */;
			productType = "com.apple.product-type.bundle.ui-testing";
		};
/* End PBXNativeTarget section */

/* Begin PBXProject section */
		963ACA921CAB5C3A00FCD0EF /* Project object */ = {
			isa = PBXProject;
			attributes = {
				LastSwiftUpdateCheck = 0730;
				LastUpgradeCheck = 0730;
				ORGANIZATIONNAME = "Joshua Kelley";
				TargetAttributes = {
					963ACA991CAB5C3A00FCD0EF = {
						CreatedOnToolsVersion = 7.3;
					};
					963ACAAD1CAB5C3A00FCD0EF = {
						CreatedOnToolsVersion = 7.3;
						TestTargetID = 963ACA991CAB5C3A00FCD0EF;
					};
					963ACAB81CAB5C3A00FCD0EF = {
						CreatedOnToolsVersion = 7.3;
						TestTargetID = 963ACA991CAB5C3A00FCD0EF;
					};
				};
			};
			buildConfigurationList = 963ACA951CAB5C3A00FCD0EF /* Build configuration list for PBXProject "MemeMe" */;
			compatibilityVersion = "Xcode 3.2";
			developmentRegion = English;
			hasScannedForEncodings = 0;
			knownRegions = (
				en,
				Base,
			);
			mainGroup = 963ACA911CAB5C3A00FCD0EF;
			productRefGroup = 963ACA9B1CAB5C3A00FCD0EF /* Products */;
			projectDirPath = "";
			projectRoot = "";
			targets = (
				963ACA991CAB5C3A00FCD0EF /* MemeMe */,
				963ACAAD1CAB5C3A00FCD0EF /* MemeMeTests */,
				963ACAB81CAB5C3A00FCD0EF /* MemeMeUITests */,
			);
		};
/* End PBXProject section */

/* Begin PBXResourcesBuildPhase section */
		963ACA981CAB5C3A00FCD0EF /* Resources */ = {
			isa = PBXResourcesBuildPhase;
			buildActionMask = 2147483647;
			files = (
				963ACAA81CAB5C3A00FCD0EF /* LaunchScreen.storyboard in Resources */,
				963ACAA51CAB5C3A00FCD0EF /* Assets.xcassets in Resources */,
				963ACAA31CAB5C3A00FCD0EF /* Main.storyboard in Resources */,
			);
			runOnlyForDeploymentPostprocessing = 0;
		};
		963ACAAC1CAB5C3A00FCD0EF /* Resources */ = {
			isa = PBXResourcesBuildPhase;
			buildActionMask = 2147483647;
			files = (
			);
			runOnlyForDeploymentPostprocessing = 0;
		};
		963ACAB71CAB5C3A00FCD0EF /* Resources */ = {
			isa = PBXResourcesBuildPhase;
			buildActionMask = 2147483647;
			files = (
			);
			runOnlyForDeploymentPostprocessing = 0;
		};
/* End PBXResourcesBuildPhase section */

/* Begin PBXSourcesBuildPhase section */
		963ACA961CAB5C3A00FCD0EF /* Sources */ = {
			isa = PBXSourcesBuildPhase;
			buildActionMask = 2147483647;
			files = (
				96C96B361CB7EE6A007AD4A9 /* Constants.swift in Sources */,
				96C96B3A1CB8339F007AD4A9 /* MemeCamera.swift in Sources */,
				96C96B321CB7E24E007AD4A9 /* Meme.swift in Sources */,
				963ACAA01CAB5C3A00FCD0EF /* MemeViewController.swift in Sources */,
				96C96B341CB7EA75007AD4A9 /* PushUpKeyboardViewController.swift in Sources */,
				963ACA9E1CAB5C3A00FCD0EF /* AppDelegate.swift in Sources */,
			);
			runOnlyForDeploymentPostprocessing = 0;
		};
		963ACAAA1CAB5C3A00FCD0EF /* Sources */ = {
			isa = PBXSourcesBuildPhase;
			buildActionMask = 2147483647;
			files = (
				963ACAB31CAB5C3A00FCD0EF /* MemeMeTests.swift in Sources */,
			);
			runOnlyForDeploymentPostprocessing = 0;
		};
		963ACAB51CAB5C3A00FCD0EF /* Sources */ = {
			isa = PBXSourcesBuildPhase;
			buildActionMask = 2147483647;
			files = (
				963ACABE1CAB5C3A00FCD0EF /* MemeMeUITests.swift in Sources */,
			);
			runOnlyForDeploymentPostprocessing = 0;
		};
/* End PBXSourcesBuildPhase section */

/* Begin PBXTargetDependency section */
		963ACAB01CAB5C3A00FCD0EF /* PBXTargetDependency */ = {
			isa = PBXTargetDependency;
			target = 963ACA991CAB5C3A00FCD0EF /* MemeMe */;
			targetProxy = 963ACAAF1CAB5C3A00FCD0EF /* PBXContainerItemProxy */;
		};
		963ACABB1CAB5C3A00FCD0EF /* PBXTargetDependency */ = {
			isa = PBXTargetDependency;
			target = 963ACA991CAB5C3A00FCD0EF /* MemeMe */;
			targetProxy = 963ACABA1CAB5C3A00FCD0EF /* PBXContainerItemProxy */;
		};
/* End PBXTargetDependency section */

/* Begin PBXVariantGroup section */
		963ACAA11CAB5C3A00FCD0EF /* Main.storyboard */ = {
			isa = PBXVariantGroup;
			children = (
				963ACAA21CAB5C3A00FCD0EF /* Base */,
			);
			name = Main.storyboard;
			sourceTree = "<group>";
		};
		963ACAA61CAB5C3A00FCD0EF /* LaunchScreen.storyboard */ = {
			isa = PBXVariantGroup;
			children = (
				963ACAA71CAB5C3A00FCD0EF /* Base */,
			);
			name = LaunchScreen.storyboard;
			sourceTree = "<group>";
		};
/* End PBXVariantGroup section */

/* Begin XCBuildConfiguration section */
		963ACAC01CAB5C3A00FCD0EF /* Debug */ = {
			isa = XCBuildConfiguration;
			buildSettings = {
				ALWAYS_SEARCH_USER_PATHS = NO;
				CLANG_ANALYZER_NONNULL = YES;
				CLANG_CXX_LANGUAGE_STANDARD = "gnu++0x";
				CLANG_CXX_LIBRARY = "libc++";
				CLANG_ENABLE_MODULES = YES;
				CLANG_ENABLE_OBJC_ARC = YES;
				CLANG_WARN_BOOL_CONVERSION = YES;
				CLANG_WARN_CONSTANT_CONVERSION = YES;
				CLANG_WARN_DIRECT_OBJC_ISA_USAGE = YES_ERROR;
				CLANG_WARN_EMPTY_BODY = YES;
				CLANG_WARN_ENUM_CONVERSION = YES;
				CLANG_WARN_INT_CONVERSION = YES;
				CLANG_WARN_OBJC_ROOT_CLASS = YES_ERROR;
				CLANG_WARN_UNREACHABLE_CODE = YES;
				CLANG_WARN__DUPLICATE_METHOD_MATCH = YES;
				"CODE_SIGN_IDENTITY[sdk=iphoneos*]" = "iPhone Developer";
				COPY_PHASE_STRIP = NO;
				DEBUG_INFORMATION_FORMAT = dwarf;
				ENABLE_STRICT_OBJC_MSGSEND = YES;
				ENABLE_TESTABILITY = YES;
				GCC_C_LANGUAGE_STANDARD = gnu99;
				GCC_DYNAMIC_NO_PIC = NO;
				GCC_NO_COMMON_BLOCKS = YES;
				GCC_OPTIMIZATION_LEVEL = 0;
				GCC_PREPROCESSOR_DEFINITIONS = (
					"DEBUG=1",
					"$(inherited)",
				);
				GCC_WARN_64_TO_32_BIT_CONVERSION = YES;
				GCC_WARN_ABOUT_RETURN_TYPE = YES_ERROR;
				GCC_WARN_UNDECLARED_SELECTOR = YES;
				GCC_WARN_UNINITIALIZED_AUTOS = YES_AGGRESSIVE;
				GCC_WARN_UNUSED_FUNCTION = YES;
				GCC_WARN_UNUSED_VARIABLE = YES;
				IPHONEOS_DEPLOYMENT_TARGET = 9.3;
				MTL_ENABLE_DEBUG_INFO = YES;
				ONLY_ACTIVE_ARCH = YES;
				SDKROOT = iphoneos;
				SWIFT_OPTIMIZATION_LEVEL = "-Onone";
				TARGETED_DEVICE_FAMILY = "1,2";
			};
			name = Debug;
		};
		963ACAC11CAB5C3A00FCD0EF /* Release */ = {
			isa = XCBuildConfiguration;
			buildSettings = {
				ALWAYS_SEARCH_USER_PATHS = NO;
				CLANG_ANALYZER_NONNULL = YES;
				CLANG_CXX_LANGUAGE_STANDARD = "gnu++0x";
				CLANG_CXX_LIBRARY = "libc++";
				CLANG_ENABLE_MODULES = YES;
				CLANG_ENABLE_OBJC_ARC = YES;
				CLANG_WARN_BOOL_CONVERSION = YES;
				CLANG_WARN_CONSTANT_CONVERSION = YES;
				CLANG_WARN_DIRECT_OBJC_ISA_USAGE = YES_ERROR;
				CLANG_WARN_EMPTY_BODY = YES;
				CLANG_WARN_ENUM_CONVERSION = YES;
				CLANG_WARN_INT_CONVERSION = YES;
				CLANG_WARN_OBJC_ROOT_CLASS = YES_ERROR;
				CLANG_WARN_UNREACHABLE_CODE = YES;
				CLANG_WARN__DUPLICATE_METHOD_MATCH = YES;
				"CODE_SIGN_IDENTITY[sdk=iphoneos*]" = "iPhone Developer";
				COPY_PHASE_STRIP = NO;
				DEBUG_INFORMATION_FORMAT = "dwarf-with-dsym";
				ENABLE_NS_ASSERTIONS = NO;
				ENABLE_STRICT_OBJC_MSGSEND = YES;
				GCC_C_LANGUAGE_STANDARD = gnu99;
				GCC_NO_COMMON_BLOCKS = YES;
				GCC_WARN_64_TO_32_BIT_CONVERSION = YES;
				GCC_WARN_ABOUT_RETURN_TYPE = YES_ERROR;
				GCC_WARN_UNDECLARED_SELECTOR = YES;
				GCC_WARN_UNINITIALIZED_AUTOS = YES_AGGRESSIVE;
				GCC_WARN_UNUSED_FUNCTION = YES;
				GCC_WARN_UNUSED_VARIABLE = YES;
				IPHONEOS_DEPLOYMENT_TARGET = 9.3;
				MTL_ENABLE_DEBUG_INFO = NO;
				SDKROOT = iphoneos;
				TARGETED_DEVICE_FAMILY = "1,2";
				VALIDATE_PRODUCT = YES;
			};
			name = Release;
		};
		963ACAC31CAB5C3A00FCD0EF /* Debug */ = {
			isa = XCBuildConfiguration;
			buildSettings = {
				ASSETCATALOG_COMPILER_APPICON_NAME = AppIcon;
				INFOPLIST_FILE = MemeMe/Info.plist;
				LD_RUNPATH_SEARCH_PATHS = "$(inherited) @executable_path/Frameworks";
				PRODUCT_BUNDLE_IDENTIFIER = com.joshuadavidkelley.MemeMe;
				PRODUCT_NAME = "$(TARGET_NAME)";
			};
			name = Debug;
		};
		963ACAC41CAB5C3A00FCD0EF /* Release */ = {
			isa = XCBuildConfiguration;
			buildSettings = {
				ASSETCATALOG_COMPILER_APPICON_NAME = AppIcon;
				INFOPLIST_FILE = MemeMe/Info.plist;
				LD_RUNPATH_SEARCH_PATHS = "$(inherited) @executable_path/Frameworks";
				PRODUCT_BUNDLE_IDENTIFIER = com.joshuadavidkelley.MemeMe;
				PRODUCT_NAME = "$(TARGET_NAME)";
			};
			name = Release;
		};
		963ACAC61CAB5C3A00FCD0EF /* Debug */ = {
			isa = XCBuildConfiguration;
			buildSettings = {
				BUNDLE_LOADER = "$(TEST_HOST)";
				INFOPLIST_FILE = MemeMeTests/Info.plist;
				LD_RUNPATH_SEARCH_PATHS = "$(inherited) @executable_path/Frameworks @loader_path/Frameworks";
				PRODUCT_BUNDLE_IDENTIFIER = com.joshuadavidkelley.MemeMeTests;
				PRODUCT_NAME = "$(TARGET_NAME)";
				TEST_HOST = "$(BUILT_PRODUCTS_DIR)/MemeMe.app/MemeMe";
			};
			name = Debug;
		};
		963ACAC71CAB5C3A00FCD0EF /* Release */ = {
			isa = XCBuildConfiguration;
			buildSettings = {
				BUNDLE_LOADER = "$(TEST_HOST)";
				INFOPLIST_FILE = MemeMeTests/Info.plist;
				LD_RUNPATH_SEARCH_PATHS = "$(inherited) @executable_path/Frameworks @loader_path/Frameworks";
				PRODUCT_BUNDLE_IDENTIFIER = com.joshuadavidkelley.MemeMeTests;
				PRODUCT_NAME = "$(TARGET_NAME)";
				TEST_HOST = "$(BUILT_PRODUCTS_DIR)/MemeMe.app/MemeMe";
			};
			name = Release;
		};
		963ACAC91CAB5C3A00FCD0EF /* Debug */ = {
			isa = XCBuildConfiguration;
			buildSettings = {
				INFOPLIST_FILE = MemeMeUITests/Info.plist;
				LD_RUNPATH_SEARCH_PATHS = "$(inherited) @executable_path/Frameworks @loader_path/Frameworks";
				PRODUCT_BUNDLE_IDENTIFIER = com.joshuadavidkelley.MemeMeUITests;
				PRODUCT_NAME = "$(TARGET_NAME)";
				TEST_TARGET_NAME = MemeMe;
			};
			name = Debug;
		};
		963ACACA1CAB5C3A00FCD0EF /* Release */ = {
			isa = XCBuildConfiguration;
			buildSettings = {
				INFOPLIST_FILE = MemeMeUITests/Info.plist;
				LD_RUNPATH_SEARCH_PATHS = "$(inherited) @executable_path/Frameworks @loader_path/Frameworks";
				PRODUCT_BUNDLE_IDENTIFIER = com.joshuadavidkelley.MemeMeUITests;
				PRODUCT_NAME = "$(TARGET_NAME)";
				TEST_TARGET_NAME = MemeMe;
			};
			name = Release;
		};
/* End XCBuildConfiguration section */

/* Begin XCConfigurationList section */
		963ACA951CAB5C3A00FCD0EF /* Build configuration list for PBXProject "MemeMe" */ = {
			isa = XCConfigurationList;
			buildConfigurations = (
				963ACAC01CAB5C3A00FCD0EF /* Debug */,
				963ACAC11CAB5C3A00FCD0EF /* Release */,
			);
			defaultConfigurationIsVisible = 0;
			defaultConfigurationName = Release;
		};
		963ACAC21CAB5C3A00FCD0EF /* Build configuration list for PBXNativeTarget "MemeMe" */ = {
			isa = XCConfigurationList;
			buildConfigurations = (
				963ACAC31CAB5C3A00FCD0EF /* Debug */,
				963ACAC41CAB5C3A00FCD0EF /* Release */,
			);
			defaultConfigurationIsVisible = 0;
			defaultConfigurationName = Release;
		};
		963ACAC51CAB5C3A00FCD0EF /* Build configuration list for PBXNativeTarget "MemeMeTests" */ = {
			isa = XCConfigurationList;
			buildConfigurations = (
				963ACAC61CAB5C3A00FCD0EF /* Debug */,
				963ACAC71CAB5C3A00FCD0EF /* Release */,
			);
			defaultConfigurationIsVisible = 0;
			defaultConfigurationName = Release;
		};
		963ACAC81CAB5C3A00FCD0EF /* Build configuration list for PBXNativeTarget "MemeMeUITests" */ = {
			isa = XCConfigurationList;
			buildConfigurations = (
				963ACAC91CAB5C3A00FCD0EF /* Debug */,
				963ACACA1CAB5C3A00FCD0EF /* Release */,
			);
			defaultConfigurationIsVisible = 0;
			defaultConfigurationName = Release;
		};
/* End XCConfigurationList section */
	};
	rootObject = 963ACA921CAB5C3A00FCD0EF /* Project object */;
}
